
Microsoft Visual Studio Solution File, Format Version 12.00
# Visual Studio Version 17
VisualStudioVersion = 17.5.33627.172
MinimumVisualStudioVersion = 10.0.40219.1
Project("{9A19103F-16F7-4668-BE54-9A1E7A4F7556}") = "BiTrap", "BiTrap.csproj", "{21EF39F3-BE55-4F31-9261-585889972E29}"
EndProject
Global
	GlobalSection(SolutionConfigurationPlatforms) = preSolution
		Debug|Any CPU = Debug|Any CPU
		Release|Any CPU = Release|Any CPU
	EndGlobalSection
	GlobalSection(ProjectConfigurationPlatforms) = postSolution
		{21EF39F3-BE55-4F31-9261-585889972E29}.Debug|Any CPU.ActiveCfg = Debug|Any CPU
		{21EF39F3-BE55-4F31-9261-585889972E29}.Debug|Any CPU.Build.0 = Debug|Any CPU
		{21EF39F3-BE55-4F31-9261-585889972E29}.Release|Any CPU.ActiveCfg = Release|Any CPU
		{21EF39F3-BE55-4F31-9261-585889972E29}.Release|Any CPU.Build.0 = Release|Any CPU
	EndGlobalSection
	GlobalSection(SolutionProperties) = preSolution
		HideSolutionNode = FALSE
	EndGlobalSection
	GlobalSection(ExtensibilityGlobals) = postSolution
		SolutionGuid = {725AF6FC-6DA3-4BB9-822E-AAB6AD3047CA}
	EndGlobalSection
EndGlobal
